
Microsoft Visual Studio Solution File, Format Version 12.00
# Visual Studio Version 17
VisualStudioVersion = 17.0.32014.148
MinimumVisualStudioVersion = 10.0.40219.1
Project("{9A19103F-16F7-4668-BE54-9A1E7A4F7556}") = "Infrastructure.Utils", "Infrastructure.Utils.csproj", "{0419E733-D360-4031-960F-75B1A7FE345D}"
EndProject
Project("{9A19103F-16F7-4668-BE54-9A1E7A4F7556}") = "TestConsole", "TestConsole\TestConsole.csproj", "{8933F8AC-18D6-4972-85F3-13F7778CF513}"
EndProject
Project("{9A19103F-16F7-4668-BE54-9A1E7A4F7556}") = "UnitTestProject", "UnitTestProject\UnitTestProject.csproj", "{78324833-883C-4958-8C59-A5621D5E317E}"
EndProject
Global
	GlobalSection(SolutionConfigurationPlatforms) = preSolution
		Debug|Any CPU = Debug|Any CPU
		Release|Any CPU = Release|Any CPU
	EndGlobalSection
	GlobalSection(ProjectConfigurationPlatforms) = postSolution
		{0419E733-D360-4031-960F-75B1A7FE345D}.Debug|Any CPU.ActiveCfg = Debug|Any CPU
		{0419E733-D360-4031-960F-75B1A7FE345D}.Debug|Any CPU.Build.0 = Debug|Any CPU
		{0419E733-D360-4031-960F-75B1A7FE345D}.Release|Any CPU.ActiveCfg = Release|Any CPU
		{0419E733-D360-4031-960F-75B1A7FE345D}.Release|Any CPU.Build.0 = Release|Any CPU
		{8933F8AC-18D6-4972-85F3-13F7778CF513}.Debug|Any CPU.ActiveCfg = Debug|Any CPU
		{8933F8AC-18D6-4972-85F3-13F7778CF513}.Debug|Any CPU.Build.0 = Debug|Any CPU
		{8933F8AC-18D6-4972-85F3-13F7778CF513}.Release|Any CPU.ActiveCfg = Release|Any CPU
		{8933F8AC-18D6-4972-85F3-13F7778CF513}.Release|Any CPU.Build.0 = Release|Any CPU
		{78324833-883C-4958-8C59-A5621D5E317E}.Debug|Any CPU.ActiveCfg = Debug|Any CPU
		{78324833-883C-4958-8C59-A5621D5E317E}.Debug|Any CPU.Build.0 = Debug|Any CPU
		{78324833-883C-4958-8C59-A5621D5E317E}.Release|Any CPU.ActiveCfg = Release|Any CPU
		{78324833-883C-4958-8C59-A5621D5E317E}.Release|Any CPU.Build.0 = Release|Any CPU
	EndGlobalSection
	GlobalSection(SolutionProperties) = preSolution
		HideSolutionNode = FALSE
	EndGlobalSection
	GlobalSection(ExtensibilityGlobals) = postSolution
		SolutionGuid = {08E736F4-D51E-4F18-9BC4-ABCAE027B85B}
	EndGlobalSection
EndGlobal
