
Microsoft Visual Studio Solution File, Format Version 12.00
# Visual Studio Version 17
VisualStudioVersion = 17.0.32014.148
MinimumVisualStudioVersion = 10.0.40219.1
Project("{FAE04EC0-301F-11D3-BF4B-00C04F79EFBC}") = "Infrastructure.Utils", "src\Infrastructure.Utils.csproj", "{AB64BD68-9F8F-98FA-0B78-407D9E9C3B9A}"
EndProject
Project("{FAE04EC0-301F-11D3-BF4B-00C04F79EFBC}") = "TestConsole", "test-console\TestConsole.csproj", "{A70AB0DB-803C-E4CE-41FA-3C6540B088D6}"
EndProject
Project("{FAE04EC0-301F-11D3-BF4B-00C04F79EFBC}") = "UnitTestProject", "unitests\UnitTestProject.csproj", "{AEEF4001-BA55-1561-D028-632660398DAF}"
EndProject
Global
	GlobalSection(SolutionConfigurationPlatforms) = preSolution
		Debug|Any CPU = Debug|Any CPU
		Release|Any CPU = Release|Any CPU
	EndGlobalSection
	GlobalSection(ProjectConfigurationPlatforms) = postSolution
		{AB64BD68-9F8F-98FA-0B78-407D9E9C3B9A}.Debug|Any CPU.ActiveCfg = Debug|Any CPU
		{AB64BD68-9F8F-98FA-0B78-407D9E9C3B9A}.Debug|Any CPU.Build.0 = Debug|Any CPU
		{AB64BD68-9F8F-98FA-0B78-407D9E9C3B9A}.Release|Any CPU.ActiveCfg = Release|Any CPU
		{AB64BD68-9F8F-98FA-0B78-407D9E9C3B9A}.Release|Any CPU.Build.0 = Release|Any CPU
		{A70AB0DB-803C-E4CE-41FA-3C6540B088D6}.Debug|Any CPU.ActiveCfg = Debug|Any CPU
		{A70AB0DB-803C-E4CE-41FA-3C6540B088D6}.Debug|Any CPU.Build.0 = Debug|Any CPU
		{A70AB0DB-803C-E4CE-41FA-3C6540B088D6}.Release|Any CPU.ActiveCfg = Release|Any CPU
		{A70AB0DB-803C-E4CE-41FA-3C6540B088D6}.Release|Any CPU.Build.0 = Release|Any CPU
		{AEEF4001-BA55-1561-D028-632660398DAF}.Debug|Any CPU.ActiveCfg = Debug|Any CPU
		{AEEF4001-BA55-1561-D028-632660398DAF}.Debug|Any CPU.Build.0 = Debug|Any CPU
		{AEEF4001-BA55-1561-D028-632660398DAF}.Release|Any CPU.ActiveCfg = Release|Any CPU
		{AEEF4001-BA55-1561-D028-632660398DAF}.Release|Any CPU.Build.0 = Release|Any CPU
	EndGlobalSection
	GlobalSection(SolutionProperties) = preSolution
		HideSolutionNode = FALSE
	EndGlobalSection
	GlobalSection(ExtensibilityGlobals) = postSolution
		SolutionGuid = {08E736F4-D51E-4F18-9BC4-ABCAE027B85B}
	EndGlobalSection
EndGlobal
